// !$*UTF8*$!
{
	archiveVersion = 1;
	classes = {
	};
	objectVersion = 56;
	objects = {

/* Begin PBXBuildFile section */
		F33D02962B5A7AB500051CF8 /* FraternityManagementApp.swift in Sources */ = {isa = PBXBuildFile; fileRef = F33D02952B5A7AB500051CF8 /* FraternityManagementApp.swift */; };
		F33D02982B5A7AB500051CF8 /* ContentView.swift in Sources */ = {isa = PBXBuildFile; fileRef = F33D02972B5A7AB500051CF8 /* ContentView.swift */; };
		F33D029A2B5A7AB600051CF8 /* Assets.xcassets in Resources */ = {isa = PBXBuildFile; fileRef = F33D02992B5A7AB600051CF8 /* Assets.xcassets */; };
		F33D029E2B5A7AB600051CF8 /* Preview Assets.xcassets in Resources */ = {isa = PBXBuildFile; fileRef = F33D029D2B5A7AB600051CF8 /* Preview Assets.xcassets */; };
		F33D02A82B5A7AB600051CF8 /* FraternityManagementTests.swift in Sources */ = {isa = PBXBuildFile; fileRef = F33D02A72B5A7AB600051CF8 /* FraternityManagementTests.swift */; };
		F33D02B22B5A7AB600051CF8 /* FraternityManagementUITests.swift in Sources */ = {isa = PBXBuildFile; fileRef = F33D02B12B5A7AB600051CF8 /* FraternityManagementUITests.swift */; };
		F33D02B42B5A7AB600051CF8 /* FraternityManagementUITestsLaunchTests.swift in Sources */ = {isa = PBXBuildFile; fileRef = F33D02B32B5A7AB600051CF8 /* FraternityManagementUITestsLaunchTests.swift */; };
		F33D02C22B5A869C00051CF8 /* LoginView.swift in Sources */ = {isa = PBXBuildFile; fileRef = F33D02C12B5A869C00051CF8 /* LoginView.swift */; };
		F33D02C62B5A86F400051CF8 /* LoginVM.swift in Sources */ = {isa = PBXBuildFile; fileRef = F33D02C52B5A86F400051CF8 /* LoginVM.swift */; };
		F33D02CA2B5B0CB700051CF8 /* GoogleService-Info.plist in Resources */ = {isa = PBXBuildFile; fileRef = F33D02C92B5B0CB700051CF8 /* GoogleService-Info.plist */; };
		F33D02CD2B5B167C00051CF8 /* FirebaseAnalytics in Frameworks */ = {isa = PBXBuildFile; productRef = F33D02CC2B5B167C00051CF8 /* FirebaseAnalytics */; };
		F33D02CF2B5B167C00051CF8 /* FirebaseAnalyticsOnDeviceConversion in Frameworks */ = {isa = PBXBuildFile; productRef = F33D02CE2B5B167C00051CF8 /* FirebaseAnalyticsOnDeviceConversion */; };
		F33D02D12B5B167C00051CF8 /* FirebaseAnalyticsSwift in Frameworks */ = {isa = PBXBuildFile; productRef = F33D02D02B5B167C00051CF8 /* FirebaseAnalyticsSwift */; };
		F33D02D32B5B167C00051CF8 /* FirebaseAppCheck in Frameworks */ = {isa = PBXBuildFile; productRef = F33D02D22B5B167C00051CF8 /* FirebaseAppCheck */; };
		F33D02D52B5B4FBB00051CF8 /* AuthService.swift in Sources */ = {isa = PBXBuildFile; fileRef = F33D02D42B5B4FBB00051CF8 /* AuthService.swift */; };
		F33D02D72B5B514C00051CF8 /* User.swift in Sources */ = {isa = PBXBuildFile; fileRef = F33D02D62B5B514C00051CF8 /* User.swift */; };
		F33D02D92B5B566300051CF8 /* AuthVM.swift in Sources */ = {isa = PBXBuildFile; fileRef = F33D02D82B5B566300051CF8 /* AuthVM.swift */; };
		F33D02DB2B5B5CBB00051CF8 /* FBAuthServiceProvider.swift in Sources */ = {isa = PBXBuildFile; fileRef = F33D02DA2B5B5CBB00051CF8 /* FBAuthServiceProvider.swift */; };
		F33D02DD2B5B5D4600051CF8 /* FirebaseAuth in Frameworks */ = {isa = PBXBuildFile; productRef = F33D02DC2B5B5D4600051CF8 /* FirebaseAuth */; };
		F33D02DF2B5B5D4600051CF8 /* FirebaseAuthCombine-Community in Frameworks */ = {isa = PBXBuildFile; productRef = F33D02DE2B5B5D4600051CF8 /* FirebaseAuthCombine-Community */; };
/* End PBXBuildFile section */

/* Begin PBXContainerItemProxy section */
		F33D02A42B5A7AB600051CF8 /* PBXContainerItemProxy */ = {
			isa = PBXContainerItemProxy;
			containerPortal = F33D028A2B5A7AB500051CF8 /* Project object */;
			proxyType = 1;
			remoteGlobalIDString = F33D02912B5A7AB500051CF8;
			remoteInfo = FraternityManagement;
		};
		F33D02AE2B5A7AB600051CF8 /* PBXContainerItemProxy */ = {
			isa = PBXContainerItemProxy;
			containerPortal = F33D028A2B5A7AB500051CF8 /* Project object */;
			proxyType = 1;
			remoteGlobalIDString = F33D02912B5A7AB500051CF8;
			remoteInfo = FraternityManagement;
		};
/* End PBXContainerItemProxy section */

/* Begin PBXFileReference section */
		F33D02922B5A7AB500051CF8 /* FraternityManagement.app */ = {isa = PBXFileReference; explicitFileType = wrapper.application; includeInIndex = 0; path = FraternityManagement.app; sourceTree = BUILT_PRODUCTS_DIR; };
		F33D02952B5A7AB500051CF8 /* FraternityManagementApp.swift */ = {isa = PBXFileReference; lastKnownFileType = sourcecode.swift; path = FraternityManagementApp.swift; sourceTree = "<group>"; };
		F33D02972B5A7AB500051CF8 /* ContentView.swift */ = {isa = PBXFileReference; lastKnownFileType = sourcecode.swift; path = ContentView.swift; sourceTree = "<group>"; };
		F33D02992B5A7AB600051CF8 /* Assets.xcassets */ = {isa = PBXFileReference; lastKnownFileType = folder.assetcatalog; path = Assets.xcassets; sourceTree = "<group>"; };
		F33D029B2B5A7AB600051CF8 /* FraternityManagement.entitlements */ = {isa = PBXFileReference; lastKnownFileType = text.plist.entitlements; path = FraternityManagement.entitlements; sourceTree = "<group>"; };
		F33D029D2B5A7AB600051CF8 /* Preview Assets.xcassets */ = {isa = PBXFileReference; lastKnownFileType = folder.assetcatalog; path = "Preview Assets.xcassets"; sourceTree = "<group>"; };
		F33D02A32B5A7AB600051CF8 /* FraternityManagementTests.xctest */ = {isa = PBXFileReference; explicitFileType = wrapper.cfbundle; includeInIndex = 0; path = FraternityManagementTests.xctest; sourceTree = BUILT_PRODUCTS_DIR; };
		F33D02A72B5A7AB600051CF8 /* FraternityManagementTests.swift */ = {isa = PBXFileReference; lastKnownFileType = sourcecode.swift; path = FraternityManagementTests.swift; sourceTree = "<group>"; };
		F33D02AD2B5A7AB600051CF8 /* FraternityManagementUITests.xctest */ = {isa = PBXFileReference; explicitFileType = wrapper.cfbundle; includeInIndex = 0; path = FraternityManagementUITests.xctest; sourceTree = BUILT_PRODUCTS_DIR; };
		F33D02B12B5A7AB600051CF8 /* FraternityManagementUITests.swift */ = {isa = PBXFileReference; lastKnownFileType = sourcecode.swift; path = FraternityManagementUITests.swift; sourceTree = "<group>"; };
		F33D02B32B5A7AB600051CF8 /* FraternityManagementUITestsLaunchTests.swift */ = {isa = PBXFileReference; lastKnownFileType = sourcecode.swift; path = FraternityManagementUITestsLaunchTests.swift; sourceTree = "<group>"; };
		F33D02C12B5A869C00051CF8 /* LoginView.swift */ = {isa = PBXFileReference; lastKnownFileType = sourcecode.swift; path = LoginView.swift; sourceTree = "<group>"; };
		F33D02C52B5A86F400051CF8 /* LoginVM.swift */ = {isa = PBXFileReference; lastKnownFileType = sourcecode.swift; path = LoginVM.swift; sourceTree = "<group>"; };
		F33D02C92B5B0CB700051CF8 /* GoogleService-Info.plist */ = {isa = PBXFileReference; fileEncoding = 4; lastKnownFileType = text.plist.xml; name = "GoogleService-Info.plist"; path = "../../../../Downloads/GoogleService-Info.plist"; sourceTree = "<group>"; };
		F33D02D42B5B4FBB00051CF8 /* AuthService.swift */ = {isa = PBXFileReference; lastKnownFileType = sourcecode.swift; path = AuthService.swift; sourceTree = "<group>"; };
		F33D02D62B5B514C00051CF8 /* User.swift */ = {isa = PBXFileReference; lastKnownFileType = sourcecode.swift; path = User.swift; sourceTree = "<group>"; };
		F33D02D82B5B566300051CF8 /* AuthVM.swift */ = {isa = PBXFileReference; lastKnownFileType = sourcecode.swift; path = AuthVM.swift; sourceTree = "<group>"; };
		F33D02DA2B5B5CBB00051CF8 /* FBAuthServiceProvider.swift */ = {isa = PBXFileReference; lastKnownFileType = sourcecode.swift; path = FBAuthServiceProvider.swift; sourceTree = "<group>"; };
/* End PBXFileReference section */

/* Begin PBXFrameworksBuildPhase section */
		F33D028F2B5A7AB500051CF8 /* Frameworks */ = {
			isa = PBXFrameworksBuildPhase;
			buildActionMask = 2147483647;
			files = (
				F33D02D32B5B167C00051CF8 /* FirebaseAppCheck in Frameworks */,
				F33D02DF2B5B5D4600051CF8 /* FirebaseAuthCombine-Community in Frameworks */,
				F33D02DD2B5B5D4600051CF8 /* FirebaseAuth in Frameworks */,
				F33D02D12B5B167C00051CF8 /* FirebaseAnalyticsSwift in Frameworks */,
				F33D02CD2B5B167C00051CF8 /* FirebaseAnalytics in Frameworks */,
				F33D02CF2B5B167C00051CF8 /* FirebaseAnalyticsOnDeviceConversion in Frameworks */,
			);
			runOnlyForDeploymentPostprocessing = 0;
		};
		F33D02A02B5A7AB600051CF8 /* Frameworks */ = {
			isa = PBXFrameworksBuildPhase;
			buildActionMask = 2147483647;
			files = (
			);
			runOnlyForDeploymentPostprocessing = 0;
		};
		F33D02AA2B5A7AB600051CF8 /* Frameworks */ = {
			isa = PBXFrameworksBuildPhase;
			buildActionMask = 2147483647;
			files = (
			);
			runOnlyForDeploymentPostprocessing = 0;
		};
/* End PBXFrameworksBuildPhase section */

/* Begin PBXGroup section */
		F33D02892B5A7AB500051CF8 = {
			isa = PBXGroup;
			children = (
				F33D02942B5A7AB500051CF8 /* FraternityManagement */,
				F33D02A62B5A7AB600051CF8 /* FraternityManagementTests */,
				F33D02B02B5A7AB600051CF8 /* FraternityManagementUITests */,
				F33D02932B5A7AB500051CF8 /* Products */,
			);
			sourceTree = "<group>";
		};
		F33D02932B5A7AB500051CF8 /* Products */ = {
			isa = PBXGroup;
			children = (
				F33D02922B5A7AB500051CF8 /* FraternityManagement.app */,
				F33D02A32B5A7AB600051CF8 /* FraternityManagementTests.xctest */,
				F33D02AD2B5A7AB600051CF8 /* FraternityManagementUITests.xctest */,
			);
			name = Products;
			sourceTree = "<group>";
		};
		F33D02942B5A7AB500051CF8 /* FraternityManagement */ = {
			isa = PBXGroup;
			children = (
				F33D02C92B5B0CB700051CF8 /* GoogleService-Info.plist */,
				F33D02C72B5A88D500051CF8 /* Authentication */,
				F33D02952B5A7AB500051CF8 /* FraternityManagementApp.swift */,
				F33D02972B5A7AB500051CF8 /* ContentView.swift */,
				F33D02992B5A7AB600051CF8 /* Assets.xcassets */,
				F33D029B2B5A7AB600051CF8 /* FraternityManagement.entitlements */,
				F33D029C2B5A7AB600051CF8 /* Preview Content */,
			);
			path = FraternityManagement;
			sourceTree = "<group>";
		};
		F33D029C2B5A7AB600051CF8 /* Preview Content */ = {
			isa = PBXGroup;
			children = (
				F33D029D2B5A7AB600051CF8 /* Preview Assets.xcassets */,
			);
			path = "Preview Content";
			sourceTree = "<group>";
		};
		F33D02A62B5A7AB600051CF8 /* FraternityManagementTests */ = {
			isa = PBXGroup;
			children = (
				F33D02A72B5A7AB600051CF8 /* FraternityManagementTests.swift */,
			);
			path = FraternityManagementTests;
			sourceTree = "<group>";
		};
		F33D02B02B5A7AB600051CF8 /* FraternityManagementUITests */ = {
			isa = PBXGroup;
			children = (
				F33D02B12B5A7AB600051CF8 /* FraternityManagementUITests.swift */,
				F33D02B32B5A7AB600051CF8 /* FraternityManagementUITestsLaunchTests.swift */,
			);
			path = FraternityManagementUITests;
			sourceTree = "<group>";
		};
		F33D02C02B5A868A00051CF8 /* Login */ = {
			isa = PBXGroup;
			children = (
				F33D02C12B5A869C00051CF8 /* LoginView.swift */,
				F33D02C52B5A86F400051CF8 /* LoginVM.swift */,
			);
			path = Login;
			sourceTree = "<group>";
		};
		F33D02C72B5A88D500051CF8 /* Authentication */ = {
			isa = PBXGroup;
			children = (
				F33D02C82B5A88E900051CF8 /* SignUp */,
				F33D02C02B5A868A00051CF8 /* Login */,
				F33D02D42B5B4FBB00051CF8 /* AuthService.swift */,
				F33D02D82B5B566300051CF8 /* AuthVM.swift */,
				F33D02D62B5B514C00051CF8 /* User.swift */,
				F33D02DA2B5B5CBB00051CF8 /* FBAuthServiceProvider.swift */,
			);
			path = Authentication;
			sourceTree = "<group>";
		};
		F33D02C82B5A88E900051CF8 /* SignUp */ = {
			isa = PBXGroup;
			children = (
			);
			path = SignUp;
			sourceTree = "<group>";
		};
/* End PBXGroup section */

/* Begin PBXNativeTarget section */
		F33D02912B5A7AB500051CF8 /* FraternityManagement */ = {
			isa = PBXNativeTarget;
			buildConfigurationList = F33D02B72B5A7AB600051CF8 /* Build configuration list for PBXNativeTarget "FraternityManagement" */;
			buildPhases = (
				F33D028E2B5A7AB500051CF8 /* Sources */,
				F33D028F2B5A7AB500051CF8 /* Frameworks */,
				F33D02902B5A7AB500051CF8 /* Resources */,
			);
			buildRules = (
			);
			dependencies = (
			);
			name = FraternityManagement;
			packageProductDependencies = (
				F33D02CC2B5B167C00051CF8 /* FirebaseAnalytics */,
				F33D02CE2B5B167C00051CF8 /* FirebaseAnalyticsOnDeviceConversion */,
				F33D02D02B5B167C00051CF8 /* FirebaseAnalyticsSwift */,
				F33D02D22B5B167C00051CF8 /* FirebaseAppCheck */,
				F33D02DC2B5B5D4600051CF8 /* FirebaseAuth */,
				F33D02DE2B5B5D4600051CF8 /* FirebaseAuthCombine-Community */,
			);
			productName = FraternityManagement;
			productReference = F33D02922B5A7AB500051CF8 /* FraternityManagement.app */;
			productType = "com.apple.product-type.application";
		};
		F33D02A22B5A7AB600051CF8 /* FraternityManagementTests */ = {
			isa = PBXNativeTarget;
			buildConfigurationList = F33D02BA2B5A7AB600051CF8 /* Build configuration list for PBXNativeTarget "FraternityManagementTests" */;
			buildPhases = (
				F33D029F2B5A7AB600051CF8 /* Sources */,
				F33D02A02B5A7AB600051CF8 /* Frameworks */,
				F33D02A12B5A7AB600051CF8 /* Resources */,
			);
			buildRules = (
			);
			dependencies = (
				F33D02A52B5A7AB600051CF8 /* PBXTargetDependency */,
			);
			name = FraternityManagementTests;
			productName = FraternityManagementTests;
			productReference = F33D02A32B5A7AB600051CF8 /* FraternityManagementTests.xctest */;
			productType = "com.apple.product-type.bundle.unit-test";
		};
		F33D02AC2B5A7AB600051CF8 /* FraternityManagementUITests */ = {
			isa = PBXNativeTarget;
			buildConfigurationList = F33D02BD2B5A7AB600051CF8 /* Build configuration list for PBXNativeTarget "FraternityManagementUITests" */;
			buildPhases = (
				F33D02A92B5A7AB600051CF8 /* Sources */,
				F33D02AA2B5A7AB600051CF8 /* Frameworks */,
				F33D02AB2B5A7AB600051CF8 /* Resources */,
			);
			buildRules = (
			);
			dependencies = (
				F33D02AF2B5A7AB600051CF8 /* PBXTargetDependency */,
			);
			name = FraternityManagementUITests;
			productName = FraternityManagementUITests;
			productReference = F33D02AD2B5A7AB600051CF8 /* FraternityManagementUITests.xctest */;
			productType = "com.apple.product-type.bundle.ui-testing";
		};
/* End PBXNativeTarget section */

/* Begin PBXProject section */
		F33D028A2B5A7AB500051CF8 /* Project object */ = {
			isa = PBXProject;
			attributes = {
				BuildIndependentTargetsInParallel = 1;
				LastSwiftUpdateCheck = 1520;
				LastUpgradeCheck = 1520;
				TargetAttributes = {
					F33D02912B5A7AB500051CF8 = {
						CreatedOnToolsVersion = 15.2;
					};
					F33D02A22B5A7AB600051CF8 = {
						CreatedOnToolsVersion = 15.2;
						TestTargetID = F33D02912B5A7AB500051CF8;
					};
					F33D02AC2B5A7AB600051CF8 = {
						CreatedOnToolsVersion = 15.2;
						TestTargetID = F33D02912B5A7AB500051CF8;
					};
				};
			};
			buildConfigurationList = F33D028D2B5A7AB500051CF8 /* Build configuration list for PBXProject "FraternityManagement" */;
			compatibilityVersion = "Xcode 14.0";
			developmentRegion = en;
			hasScannedForEncodings = 0;
			knownRegions = (
				en,
				Base,
			);
			mainGroup = F33D02892B5A7AB500051CF8;
			packageReferences = (
				F33D02CB2B5B167B00051CF8 /* XCRemoteSwiftPackageReference "firebase-ios-sdk" */,
			);
			productRefGroup = F33D02932B5A7AB500051CF8 /* Products */;
			projectDirPath = "";
			projectRoot = "";
			targets = (
				F33D02912B5A7AB500051CF8 /* FraternityManagement */,
				F33D02A22B5A7AB600051CF8 /* FraternityManagementTests */,
				F33D02AC2B5A7AB600051CF8 /* FraternityManagementUITests */,
			);
		};
/* End PBXProject section */

/* Begin PBXResourcesBuildPhase section */
		F33D02902B5A7AB500051CF8 /* Resources */ = {
			isa = PBXResourcesBuildPhase;
			buildActionMask = 2147483647;
			files = (
				F33D029E2B5A7AB600051CF8 /* Preview Assets.xcassets in Resources */,
				F33D029A2B5A7AB600051CF8 /* Assets.xcassets in Resources */,
				F33D02CA2B5B0CB700051CF8 /* GoogleService-Info.plist in Resources */,
			);
			runOnlyForDeploymentPostprocessing = 0;
		};
		F33D02A12B5A7AB600051CF8 /* Resources */ = {
			isa = PBXResourcesBuildPhase;
			buildActionMask = 2147483647;
			files = (
			);
			runOnlyForDeploymentPostprocessing = 0;
		};
		F33D02AB2B5A7AB600051CF8 /* Resources */ = {
			isa = PBXResourcesBuildPhase;
			buildActionMask = 2147483647;
			files = (
			);
			runOnlyForDeploymentPostprocessing = 0;
		};
/* End PBXResourcesBuildPhase section */

/* Begin PBXSourcesBuildPhase section */
		F33D028E2B5A7AB500051CF8 /* Sources */ = {
			isa = PBXSourcesBuildPhase;
			buildActionMask = 2147483647;
			files = (
				F33D02C62B5A86F400051CF8 /* LoginVM.swift in Sources */,
				F33D02C22B5A869C00051CF8 /* LoginView.swift in Sources */,
				F33D02D72B5B514C00051CF8 /* User.swift in Sources */,
				F33D02D52B5B4FBB00051CF8 /* AuthService.swift in Sources */,
				F33D02DB2B5B5CBB00051CF8 /* FBAuthServiceProvider.swift in Sources */,
				F33D02982B5A7AB500051CF8 /* ContentView.swift in Sources */,
				F33D02D92B5B566300051CF8 /* AuthVM.swift in Sources */,
				F33D02962B5A7AB500051CF8 /* FraternityManagementApp.swift in Sources */,
			);
			runOnlyForDeploymentPostprocessing = 0;
		};
		F33D029F2B5A7AB600051CF8 /* Sources */ = {
			isa = PBXSourcesBuildPhase;
			buildActionMask = 2147483647;
			files = (
				F33D02A82B5A7AB600051CF8 /* FraternityManagementTests.swift in Sources */,
			);
			runOnlyForDeploymentPostprocessing = 0;
		};
		F33D02A92B5A7AB600051CF8 /* Sources */ = {
			isa = PBXSourcesBuildPhase;
			buildActionMask = 2147483647;
			files = (
				F33D02B22B5A7AB600051CF8 /* FraternityManagementUITests.swift in Sources */,
				F33D02B42B5A7AB600051CF8 /* FraternityManagementUITestsLaunchTests.swift in Sources */,
			);
			runOnlyForDeploymentPostprocessing = 0;
		};
/* End PBXSourcesBuildPhase section */

/* Begin PBXTargetDependency section */
		F33D02A52B5A7AB600051CF8 /* PBXTargetDependency */ = {
			isa = PBXTargetDependency;
			target = F33D02912B5A7AB500051CF8 /* FraternityManagement */;
			targetProxy = F33D02A42B5A7AB600051CF8 /* PBXContainerItemProxy */;
		};
		F33D02AF2B5A7AB600051CF8 /* PBXTargetDependency */ = {
			isa = PBXTargetDependency;
			target = F33D02912B5A7AB500051CF8 /* FraternityManagement */;
			targetProxy = F33D02AE2B5A7AB600051CF8 /* PBXContainerItemProxy */;
		};
/* End PBXTargetDependency section */

/* Begin XCBuildConfiguration section */
		F33D02B52B5A7AB600051CF8 /* Debug */ = {
			isa = XCBuildConfiguration;
			buildSettings = {
				ALWAYS_SEARCH_USER_PATHS = NO;
				ASSETCATALOG_COMPILER_GENERATE_SWIFT_ASSET_SYMBOL_EXTENSIONS = YES;
				CLANG_ANALYZER_NONNULL = YES;
				CLANG_ANALYZER_NUMBER_OBJECT_CONVERSION = YES_AGGRESSIVE;
				CLANG_CXX_LANGUAGE_STANDARD = "gnu++20";
				CLANG_ENABLE_MODULES = YES;
				CLANG_ENABLE_OBJC_ARC = YES;
				CLANG_ENABLE_OBJC_WEAK = YES;
				CLANG_WARN_BLOCK_CAPTURE_AUTORELEASING = YES;
				CLANG_WARN_BOOL_CONVERSION = YES;
				CLANG_WARN_COMMA = YES;
				CLANG_WARN_CONSTANT_CONVERSION = YES;
				CLANG_WARN_DEPRECATED_OBJC_IMPLEMENTATIONS = YES;
				CLANG_WARN_DIRECT_OBJC_ISA_USAGE = YES_ERROR;
				CLANG_WARN_DOCUMENTATION_COMMENTS = YES;
				CLANG_WARN_EMPTY_BODY = YES;
				CLANG_WARN_ENUM_CONVERSION = YES;
				CLANG_WARN_INFINITE_RECURSION = YES;
				CLANG_WARN_INT_CONVERSION = YES;
				CLANG_WARN_NON_LITERAL_NULL_CONVERSION = YES;
				CLANG_WARN_OBJC_IMPLICIT_RETAIN_SELF = YES;
				CLANG_WARN_OBJC_LITERAL_CONVERSION = YES;
				CLANG_WARN_OBJC_ROOT_CLASS = YES_ERROR;
				CLANG_WARN_QUOTED_INCLUDE_IN_FRAMEWORK_HEADER = YES;
				CLANG_WARN_RANGE_LOOP_ANALYSIS = YES;
				CLANG_WARN_STRICT_PROTOTYPES = YES;
				CLANG_WARN_SUSPICIOUS_MOVE = YES;
				CLANG_WARN_UNGUARDED_AVAILABILITY = YES_AGGRESSIVE;
				CLANG_WARN_UNREACHABLE_CODE = YES;
				CLANG_WARN__DUPLICATE_METHOD_MATCH = YES;
				COPY_PHASE_STRIP = NO;
				DEBUG_INFORMATION_FORMAT = dwarf;
				ENABLE_STRICT_OBJC_MSGSEND = YES;
				ENABLE_TESTABILITY = YES;
				ENABLE_USER_SCRIPT_SANDBOXING = YES;
				GCC_C_LANGUAGE_STANDARD = gnu17;
				GCC_DYNAMIC_NO_PIC = NO;
				GCC_NO_COMMON_BLOCKS = YES;
				GCC_OPTIMIZATION_LEVEL = 0;
				GCC_PREPROCESSOR_DEFINITIONS = (
					"DEBUG=1",
					"$(inherited)",
				);
				GCC_WARN_64_TO_32_BIT_CONVERSION = YES;
				GCC_WARN_ABOUT_RETURN_TYPE = YES_ERROR;
				GCC_WARN_UNDECLARED_SELECTOR = YES;
				GCC_WARN_UNINITIALIZED_AUTOS = YES_AGGRESSIVE;
				GCC_WARN_UNUSED_FUNCTION = YES;
				GCC_WARN_UNUSED_VARIABLE = YES;
				LOCALIZATION_PREFERS_STRING_CATALOGS = YES;
				MTL_ENABLE_DEBUG_INFO = INCLUDE_SOURCE;
				MTL_FAST_MATH = YES;
				ONLY_ACTIVE_ARCH = YES;
				SWIFT_ACTIVE_COMPILATION_CONDITIONS = "DEBUG $(inherited)";
				SWIFT_OPTIMIZATION_LEVEL = "-Onone";
			};
			name = Debug;
		};
		F33D02B62B5A7AB600051CF8 /* Release */ = {
			isa = XCBuildConfiguration;
			buildSettings = {
				ALWAYS_SEARCH_USER_PATHS = NO;
				ASSETCATALOG_COMPILER_GENERATE_SWIFT_ASSET_SYMBOL_EXTENSIONS = YES;
				CLANG_ANALYZER_NONNULL = YES;
				CLANG_ANALYZER_NUMBER_OBJECT_CONVERSION = YES_AGGRESSIVE;
				CLANG_CXX_LANGUAGE_STANDARD = "gnu++20";
				CLANG_ENABLE_MODULES = YES;
				CLANG_ENABLE_OBJC_ARC = YES;
				CLANG_ENABLE_OBJC_WEAK = YES;
				CLANG_WARN_BLOCK_CAPTURE_AUTORELEASING = YES;
				CLANG_WARN_BOOL_CONVERSION = YES;
				CLANG_WARN_COMMA = YES;
				CLANG_WARN_CONSTANT_CONVERSION = YES;
				CLANG_WARN_DEPRECATED_OBJC_IMPLEMENTATIONS = YES;
				CLANG_WARN_DIRECT_OBJC_ISA_USAGE = YES_ERROR;
				CLANG_WARN_DOCUMENTATION_COMMENTS = YES;
				CLANG_WARN_EMPTY_BODY = YES;
				CLANG_WARN_ENUM_CONVERSION = YES;
				CLANG_WARN_INFINITE_RECURSION = YES;
				CLANG_WARN_INT_CONVERSION = YES;
				CLANG_WARN_NON_LITERAL_NULL_CONVERSION = YES;
				CLANG_WARN_OBJC_IMPLICIT_RETAIN_SELF = YES;
				CLANG_WARN_OBJC_LITERAL_CONVERSION = YES;
				CLANG_WARN_OBJC_ROOT_CLASS = YES_ERROR;
				CLANG_WARN_QUOTED_INCLUDE_IN_FRAMEWORK_HEADER = YES;
				CLANG_WARN_RANGE_LOOP_ANALYSIS = YES;
				CLANG_WARN_STRICT_PROTOTYPES = YES;
				CLANG_WARN_SUSPICIOUS_MOVE = YES;
				CLANG_WARN_UNGUARDED_AVAILABILITY = YES_AGGRESSIVE;
				CLANG_WARN_UNREACHABLE_CODE = YES;
				CLANG_WARN__DUPLICATE_METHOD_MATCH = YES;
				COPY_PHASE_STRIP = NO;
				DEBUG_INFORMATION_FORMAT = "dwarf-with-dsym";
				ENABLE_NS_ASSERTIONS = NO;
				ENABLE_STRICT_OBJC_MSGSEND = YES;
				ENABLE_USER_SCRIPT_SANDBOXING = YES;
				GCC_C_LANGUAGE_STANDARD = gnu17;
				GCC_NO_COMMON_BLOCKS = YES;
				GCC_WARN_64_TO_32_BIT_CONVERSION = YES;
				GCC_WARN_ABOUT_RETURN_TYPE = YES_ERROR;
				GCC_WARN_UNDECLARED_SELECTOR = YES;
				GCC_WARN_UNINITIALIZED_AUTOS = YES_AGGRESSIVE;
				GCC_WARN_UNUSED_FUNCTION = YES;
				GCC_WARN_UNUSED_VARIABLE = YES;
				LOCALIZATION_PREFERS_STRING_CATALOGS = YES;
				MTL_ENABLE_DEBUG_INFO = NO;
				MTL_FAST_MATH = YES;
				SWIFT_COMPILATION_MODE = wholemodule;
			};
			name = Release;
		};
		F33D02B82B5A7AB600051CF8 /* Debug */ = {
			isa = XCBuildConfiguration;
			buildSettings = {
				ASSETCATALOG_COMPILER_APPICON_NAME = AppIcon;
				ASSETCATALOG_COMPILER_GLOBAL_ACCENT_COLOR_NAME = AccentColor;
				CODE_SIGN_ENTITLEMENTS = FraternityManagement/FraternityManagement.entitlements;
				CODE_SIGN_STYLE = Automatic;
				CURRENT_PROJECT_VERSION = 1;
				DEVELOPMENT_ASSET_PATHS = "\"FraternityManagement/Preview Content\"";
				DEVELOPMENT_TEAM = TPSDBQUPSC;
				ENABLE_HARDENED_RUNTIME = YES;
				ENABLE_PREVIEWS = YES;
				GENERATE_INFOPLIST_FILE = YES;
				"INFOPLIST_KEY_UIApplicationSceneManifest_Generation[sdk=iphoneos*]" = YES;
				"INFOPLIST_KEY_UIApplicationSceneManifest_Generation[sdk=iphonesimulator*]" = YES;
				"INFOPLIST_KEY_UIApplicationSupportsIndirectInputEvents[sdk=iphoneos*]" = YES;
				"INFOPLIST_KEY_UIApplicationSupportsIndirectInputEvents[sdk=iphonesimulator*]" = YES;
				"INFOPLIST_KEY_UILaunchScreen_Generation[sdk=iphoneos*]" = YES;
				"INFOPLIST_KEY_UILaunchScreen_Generation[sdk=iphonesimulator*]" = YES;
				"INFOPLIST_KEY_UIStatusBarStyle[sdk=iphoneos*]" = UIStatusBarStyleDefault;
				"INFOPLIST_KEY_UIStatusBarStyle[sdk=iphonesimulator*]" = UIStatusBarStyleDefault;
				INFOPLIST_KEY_UISupportedInterfaceOrientations_iPad = "UIInterfaceOrientationPortrait UIInterfaceOrientationPortraitUpsideDown UIInterfaceOrientationLandscapeLeft UIInterfaceOrientationLandscapeRight";
				INFOPLIST_KEY_UISupportedInterfaceOrientations_iPhone = "UIInterfaceOrientationPortrait UIInterfaceOrientationLandscapeLeft UIInterfaceOrientationLandscapeRight";
				IPHONEOS_DEPLOYMENT_TARGET = 17.2;
				LD_RUNPATH_SEARCH_PATHS = "@executable_path/Frameworks";
				"LD_RUNPATH_SEARCH_PATHS[sdk=macosx*]" = "@executable_path/../Frameworks";
				MACOSX_DEPLOYMENT_TARGET = 14.2;
				MARKETING_VERSION = 1.0;
				PRODUCT_BUNDLE_IDENTIFIER = com.anshulruhil.iExpense.FraternityManagement;
				PRODUCT_NAME = "$(TARGET_NAME)";
				SDKROOT = auto;
				SUPPORTED_PLATFORMS = "iphoneos iphonesimulator macosx";
				SWIFT_EMIT_LOC_STRINGS = YES;
				SWIFT_VERSION = 5.0;
				TARGETED_DEVICE_FAMILY = "1,2";
			};
			name = Debug;
		};
		F33D02B92B5A7AB600051CF8 /* Release */ = {
			isa = XCBuildConfiguration;
			buildSettings = {
				ASSETCATALOG_COMPILER_APPICON_NAME = AppIcon;
				ASSETCATALOG_COMPILER_GLOBAL_ACCENT_COLOR_NAME = AccentColor;
				CODE_SIGN_ENTITLEMENTS = FraternityManagement/FraternityManagement.entitlements;
				CODE_SIGN_STYLE = Automatic;
				CURRENT_PROJECT_VERSION = 1;
				DEVELOPMENT_ASSET_PATHS = "\"FraternityManagement/Preview Content\"";
				DEVELOPMENT_TEAM = TPSDBQUPSC;
				ENABLE_HARDENED_RUNTIME = YES;
				ENABLE_PREVIEWS = YES;
				GENERATE_INFOPLIST_FILE = YES;
				"INFOPLIST_KEY_UIApplicationSceneManifest_Generation[sdk=iphoneos*]" = YES;
				"INFOPLIST_KEY_UIApplicationSceneManifest_Generation[sdk=iphonesimulator*]" = YES;
				"INFOPLIST_KEY_UIApplicationSupportsIndirectInputEvents[sdk=iphoneos*]" = YES;
				"INFOPLIST_KEY_UIApplicationSupportsIndirectInputEvents[sdk=iphonesimulator*]" = YES;
				"INFOPLIST_KEY_UILaunchScreen_Generation[sdk=iphoneos*]" = YES;
				"INFOPLIST_KEY_UILaunchScreen_Generation[sdk=iphonesimulator*]" = YES;
				"INFOPLIST_KEY_UIStatusBarStyle[sdk=iphoneos*]" = UIStatusBarStyleDefault;
				"INFOPLIST_KEY_UIStatusBarStyle[sdk=iphonesimulator*]" = UIStatusBarStyleDefault;
				INFOPLIST_KEY_UISupportedInterfaceOrientations_iPad = "UIInterfaceOrientationPortrait UIInterfaceOrientationPortraitUpsideDown UIInterfaceOrientationLandscapeLeft UIInterfaceOrientationLandscapeRight";
				INFOPLIST_KEY_UISupportedInterfaceOrientations_iPhone = "UIInterfaceOrientationPortrait UIInterfaceOrientationLandscapeLeft UIInterfaceOrientationLandscapeRight";
				IPHONEOS_DEPLOYMENT_TARGET = 17.2;
				LD_RUNPATH_SEARCH_PATHS = "@executable_path/Frameworks";
				"LD_RUNPATH_SEARCH_PATHS[sdk=macosx*]" = "@executable_path/../Frameworks";
				MACOSX_DEPLOYMENT_TARGET = 14.2;
				MARKETING_VERSION = 1.0;
				PRODUCT_BUNDLE_IDENTIFIER = com.anshulruhil.iExpense.FraternityManagement;
				PRODUCT_NAME = "$(TARGET_NAME)";
				SDKROOT = auto;
				SUPPORTED_PLATFORMS = "iphoneos iphonesimulator macosx";
				SWIFT_EMIT_LOC_STRINGS = YES;
				SWIFT_VERSION = 5.0;
				TARGETED_DEVICE_FAMILY = "1,2";
			};
			name = Release;
		};
		F33D02BB2B5A7AB600051CF8 /* Debug */ = {
			isa = XCBuildConfiguration;
			buildSettings = {
				ALWAYS_EMBED_SWIFT_STANDARD_LIBRARIES = YES;
				BUNDLE_LOADER = "$(TEST_HOST)";
				CODE_SIGN_STYLE = Automatic;
				CURRENT_PROJECT_VERSION = 1;
				DEVELOPMENT_TEAM = TPSDBQUPSC;
				GENERATE_INFOPLIST_FILE = YES;
				IPHONEOS_DEPLOYMENT_TARGET = 17.2;
				MACOSX_DEPLOYMENT_TARGET = 14.2;
				MARKETING_VERSION = 1.0;
				PRODUCT_BUNDLE_IDENTIFIER = com.anshulruhil.iExpense.FraternityManagementTests;
				PRODUCT_NAME = "$(TARGET_NAME)";
				SDKROOT = auto;
				SUPPORTED_PLATFORMS = "iphoneos iphonesimulator macosx";
				SWIFT_EMIT_LOC_STRINGS = NO;
				SWIFT_VERSION = 5.0;
				TARGETED_DEVICE_FAMILY = "1,2";
				TEST_HOST = "$(BUILT_PRODUCTS_DIR)/FraternityManagement.app/$(BUNDLE_EXECUTABLE_FOLDER_PATH)/FraternityManagement";
			};
			name = Debug;
		};
		F33D02BC2B5A7AB600051CF8 /* Release */ = {
			isa = XCBuildConfiguration;
			buildSettings = {
				ALWAYS_EMBED_SWIFT_STANDARD_LIBRARIES = YES;
				BUNDLE_LOADER = "$(TEST_HOST)";
				CODE_SIGN_STYLE = Automatic;
				CURRENT_PROJECT_VERSION = 1;
				DEVELOPMENT_TEAM = TPSDBQUPSC;
				GENERATE_INFOPLIST_FILE = YES;
				IPHONEOS_DEPLOYMENT_TARGET = 17.2;
				MACOSX_DEPLOYMENT_TARGET = 14.2;
				MARKETING_VERSION = 1.0;
				PRODUCT_BUNDLE_IDENTIFIER = com.anshulruhil.iExpense.FraternityManagementTests;
				PRODUCT_NAME = "$(TARGET_NAME)";
				SDKROOT = auto;
				SUPPORTED_PLATFORMS = "iphoneos iphonesimulator macosx";
				SWIFT_EMIT_LOC_STRINGS = NO;
				SWIFT_VERSION = 5.0;
				TARGETED_DEVICE_FAMILY = "1,2";
				TEST_HOST = "$(BUILT_PRODUCTS_DIR)/FraternityManagement.app/$(BUNDLE_EXECUTABLE_FOLDER_PATH)/FraternityManagement";
			};
			name = Release;
		};
		F33D02BE2B5A7AB600051CF8 /* Debug */ = {
			isa = XCBuildConfiguration;
			buildSettings = {
				ALWAYS_EMBED_SWIFT_STANDARD_LIBRARIES = YES;
				CODE_SIGN_STYLE = Automatic;
				CURRENT_PROJECT_VERSION = 1;
				DEVELOPMENT_TEAM = TPSDBQUPSC;
				GENERATE_INFOPLIST_FILE = YES;
				IPHONEOS_DEPLOYMENT_TARGET = 17.2;
				MACOSX_DEPLOYMENT_TARGET = 14.2;
				MARKETING_VERSION = 1.0;
				PRODUCT_BUNDLE_IDENTIFIER = com.anshulruhil.iExpense.FraternityManagementUITests;
				PRODUCT_NAME = "$(TARGET_NAME)";
				SDKROOT = auto;
				SUPPORTED_PLATFORMS = "iphoneos iphonesimulator macosx";
				SWIFT_EMIT_LOC_STRINGS = NO;
				SWIFT_VERSION = 5.0;
				TARGETED_DEVICE_FAMILY = "1,2";
				TEST_TARGET_NAME = FraternityManagement;
			};
			name = Debug;
		};
		F33D02BF2B5A7AB600051CF8 /* Release */ = {
			isa = XCBuildConfiguration;
			buildSettings = {
				ALWAYS_EMBED_SWIFT_STANDARD_LIBRARIES = YES;
				CODE_SIGN_STYLE = Automatic;
				CURRENT_PROJECT_VERSION = 1;
				DEVELOPMENT_TEAM = TPSDBQUPSC;
				GENERATE_INFOPLIST_FILE = YES;
				IPHONEOS_DEPLOYMENT_TARGET = 17.2;
				MACOSX_DEPLOYMENT_TARGET = 14.2;
				MARKETING_VERSION = 1.0;
				PRODUCT_BUNDLE_IDENTIFIER = com.anshulruhil.iExpense.FraternityManagementUITests;
				PRODUCT_NAME = "$(TARGET_NAME)";
				SDKROOT = auto;
				SUPPORTED_PLATFORMS = "iphoneos iphonesimulator macosx";
				SWIFT_EMIT_LOC_STRINGS = NO;
				SWIFT_VERSION = 5.0;
				TARGETED_DEVICE_FAMILY = "1,2";
				TEST_TARGET_NAME = FraternityManagement;
			};
			name = Release;
		};
/* End XCBuildConfiguration section */

/* Begin XCConfigurationList section */
		F33D028D2B5A7AB500051CF8 /* Build configuration list for PBXProject "FraternityManagement" */ = {
			isa = XCConfigurationList;
			buildConfigurations = (
				F33D02B52B5A7AB600051CF8 /* Debug */,
				F33D02B62B5A7AB600051CF8 /* Release */,
			);
			defaultConfigurationIsVisible = 0;
			defaultConfigurationName = Release;
		};
		F33D02B72B5A7AB600051CF8 /* Build configuration list for PBXNativeTarget "FraternityManagement" */ = {
			isa = XCConfigurationList;
			buildConfigurations = (
				F33D02B82B5A7AB600051CF8 /* Debug */,
				F33D02B92B5A7AB600051CF8 /* Release */,
			);
			defaultConfigurationIsVisible = 0;
			defaultConfigurationName = Release;
		};
		F33D02BA2B5A7AB600051CF8 /* Build configuration list for PBXNativeTarget "FraternityManagementTests" */ = {
			isa = XCConfigurationList;
			buildConfigurations = (
				F33D02BB2B5A7AB600051CF8 /* Debug */,
				F33D02BC2B5A7AB600051CF8 /* Release */,
			);
			defaultConfigurationIsVisible = 0;
			defaultConfigurationName = Release;
		};
		F33D02BD2B5A7AB600051CF8 /* Build configuration list for PBXNativeTarget "FraternityManagementUITests" */ = {
			isa = XCConfigurationList;
			buildConfigurations = (
				F33D02BE2B5A7AB600051CF8 /* Debug */,
				F33D02BF2B5A7AB600051CF8 /* Release */,
			);
			defaultConfigurationIsVisible = 0;
			defaultConfigurationName = Release;
		};
/* End XCConfigurationList section */

/* Begin XCRemoteSwiftPackageReference section */
		F33D02CB2B5B167B00051CF8 /* XCRemoteSwiftPackageReference "firebase-ios-sdk" */ = {
			isa = XCRemoteSwiftPackageReference;
			repositoryURL = "https://github.com/firebase/firebase-ios-sdk";
			requirement = {
				kind = upToNextMajorVersion;
				minimumVersion = 10.20.0;
			};
		};
/* End XCRemoteSwiftPackageReference section */

/* Begin XCSwiftPackageProductDependency section */
		F33D02CC2B5B167C00051CF8 /* FirebaseAnalytics */ = {
			isa = XCSwiftPackageProductDependency;
			package = F33D02CB2B5B167B00051CF8 /* XCRemoteSwiftPackageReference "firebase-ios-sdk" */;
			productName = FirebaseAnalytics;
		};
		F33D02CE2B5B167C00051CF8 /* FirebaseAnalyticsOnDeviceConversion */ = {
			isa = XCSwiftPackageProductDependency;
			package = F33D02CB2B5B167B00051CF8 /* XCRemoteSwiftPackageReference "firebase-ios-sdk" */;
			productName = FirebaseAnalyticsOnDeviceConversion;
		};
		F33D02D02B5B167C00051CF8 /* FirebaseAnalyticsSwift */ = {
			isa = XCSwiftPackageProductDependency;
			package = F33D02CB2B5B167B00051CF8 /* XCRemoteSwiftPackageReference "firebase-ios-sdk" */;
			productName = FirebaseAnalyticsSwift;
		};
		F33D02D22B5B167C00051CF8 /* FirebaseAppCheck */ = {
			isa = XCSwiftPackageProductDependency;
			package = F33D02CB2B5B167B00051CF8 /* XCRemoteSwiftPackageReference "firebase-ios-sdk" */;
			productName = FirebaseAppCheck;
		};
		F33D02DC2B5B5D4600051CF8 /* FirebaseAuth */ = {
			isa = XCSwiftPackageProductDependency;
			package = F33D02CB2B5B167B00051CF8 /* XCRemoteSwiftPackageReference "firebase-ios-sdk" */;
			productName = FirebaseAuth;
		};
		F33D02DE2B5B5D4600051CF8 /* FirebaseAuthCombine-Community */ = {
			isa = XCSwiftPackageProductDependency;
			package = F33D02CB2B5B167B00051CF8 /* XCRemoteSwiftPackageReference "firebase-ios-sdk" */;
			productName = "FirebaseAuthCombine-Community";
		};
/* End XCSwiftPackageProductDependency section */
	};
	rootObject = F33D028A2B5A7AB500051CF8 /* Project object */;
}
